{
  "name": "@konitif/workbench",
  "version": "0.285.3",
  "lockfileVersion": 3,
  "requires": true,
  "packages": {
    "": {
      "name": "@konitif/workbench",
      "version": "0.285.3",
      "license": "PolyForm-Noncommercial-1.0.0",
      "dependencies": {
        "@konitif/core": "0.284.2",
        "@konitif/physics": "0.285.0",
        "@konitif/temporal": "0.284.1",
        "@konitif/tools": "0.284.3",
        "@konitif/widgets": "0.285.0"
      },
      "devDependencies": {
        "typescript": "5.9.3"
      }
    },
    "node_modules/@konitif/core": {
      "version": "0.284.2",
      "resolved": "https://registry.npmjs.org/@konitif/core/-/core-0.284.2.tgz",
      "integrity": "sha512-OcvBwJXrSWiRPU+pDBmeGsUikyhFqk1f0OlCpVWJfYbRC8xWICJTBBHh3vkIf/xSfR5lt3YZT0UTq1NoIdMSNQ==",
      "license": "PolyForm-Noncommercial-1.0.0"
    },
    "node_modules/@konitif/physics": {
      "version": "0.285.0",
      "resolved": "https://registry.npmjs.org/@konitif/physics/-/physics-0.285.0.tgz",
      "integrity": "sha512-aiZrCP3OOTp4+Q14UMTQ01XBoa7e2ajf9OfV0d5IgAZ3TBEl8lOfdauJ7xTOpeLmLKI6TNvEmjLJaZY7UNN8BA==",
      "license": "PolyForm-Noncommercial-1.0.0"
    },
    "node_modules/@konitif/temporal": {
      "version": "0.284.1",
      "resolved": "https://registry.npmjs.org/@konitif/temporal/-/temporal-0.284.1.tgz",
      "integrity": "sha512-6iZrnqgPkbzwY/4PhmA1dVcPG2lPkRNJkvc5NwmoFuFDa9iyxx7O/4MuOJZWWJFT8TIDv8EqN8lRIK6pee4LGA==",
      "license": "PolyForm-Noncommercial-1.0.0"
    },
    "node_modules/@konitif/tools": {
      "version": "0.284.3",
      "resolved": "https://registry.npmjs.org/@konitif/tools/-/tools-0.284.3.tgz",
      "integrity": "sha512-d7u6Q8NcIbKmXEV/yzbNXywRq6UFWUTeP2oXhubi0auixG0GObGw3qUvXDQ2GttzMgyHgj+S6XZ+M3oc7eYWsg==",
      "license": "PolyForm-Noncommercial-1.0.0",
      "dependencies": {
        "@konitif/core": "0.284.2"
      }
    },
    "node_modules/@konitif/widgets": {
      "version": "0.285.0",
      "resolved": "https://registry.npmjs.org/@konitif/widgets/-/widgets-0.285.0.tgz",
      "integrity": "sha512-gQexEiCo8cUIUaa6vOt2qOeGM49vutitY47vcgPULDHQ/Lea5AP+5lxOlfQ3ud0M+4zACAHAZdCj6R3iJ8EfaQ==",
      "license": "PolyForm-Noncommercial-1.0.0"
    },
    "node_modules/typescript": {
      "version": "5.9.3",
      "resolved": "https://registry.npmjs.org/typescript/-/typescript-5.9.3.tgz",
      "integrity": "sha512-jl1vZzPDinLr9eUt3J/t7V6FgNEw9QjvBPdysz9KfQDD41fQrC2Y4vKQdiaUpFT4bXlb1RHhLpp8wtm6M5TgSw==",
      "dev": true,
      "license": "Apache-2.0",
      "bin": {
        "tsc": "bin/tsc",
        "tsserver": "bin/tsserver"
      },
      "engines": {
        "node": ">=14.17"
      }
    }
  }
}
